
Microsoft Visual Studio Solution File, Format Version 12.00
# Visual Studio Version 16
VisualStudioVersion = 16.0.30011.22
MinimumVisualStudioVersion = 10.0.40219.1
Project("{FAE04EC0-301F-11D3-BF4B-00C04F79EFBC}") = "site", "site.csproj", "{0705091E-C8EE-4123-A017-C5533639036D}"
EndProject
Global
	GlobalSection(SolutionConfigurationPlatforms) = preSolution
		Debug|Any CPU = Debug|Any CPU
		Release|Any CPU = Release|Any CPU
	EndGlobalSection
	GlobalSection(ProjectConfigurationPlatforms) = postSolution
		{0705091E-C8EE-4123-A017-C5533639036D}.Debug|Any CPU.ActiveCfg = Debug|Any CPU
		{0705091E-C8EE-4123-A017-C5533639036D}.Debug|Any CPU.Build.0 = Debug|Any CPU
		{0705091E-C8EE-4123-A017-C5533639036D}.Release|Any CPU.ActiveCfg = Release|Any CPU
		{0705091E-C8EE-4123-A017-C5533639036D}.Release|Any CPU.Build.0 = Release|Any CPU
	EndGlobalSection
	GlobalSection(SolutionProperties) = preSolution
		HideSolutionNode = FALSE
	EndGlobalSection
	GlobalSection(ExtensibilityGlobals) = postSolution
		SolutionGuid = {DC12DE10-E073-46DC-A522-150F438BF96B}
	EndGlobalSection
EndGlobal
